
Microsoft Visual Studio Solution File, Format Version 12.00
# Visual Studio Version 16
VisualStudioVersion = 16.0.32602.291
MinimumVisualStudioVersion = 10.0.40219.1
Project("{FAE04EC0-301F-11D3-BF4B-00C04F79EFBC}") = "RBACProject", "RBACProject\RBACProject.csproj", "{5D7D0DDD-47F3-404F-9B50-D1BD844594DB}"
EndProject
Project("{2150E333-8FDC-42A3-9474-1A3956D46DE8}") = "UI", "UI", "{185D3A70-6802-49CE-B706-FE37E85B8AC5}"
EndProject
Project("{2150E333-8FDC-42A3-9474-1A3956D46DE8}") = "Repository", "Repository", "{E65580E3-3DC7-4528-AB1D-BF3EEB544B44}"
EndProject
Project("{2150E333-8FDC-42A3-9474-1A3956D46DE8}") = "Service", "Service", "{9364B92E-F454-4FC0-BE69-7CDBFB6EDD2F}"
EndProject
Project("{2150E333-8FDC-42A3-9474-1A3956D46DE8}") = "Infrastructure", "Infrastructure", "{D89022DD-AEB4-4DE8-A8FB-749EA51ECEEA}"
EndProject
Project("{FAE04EC0-301F-11D3-BF4B-00C04F79EFBC}") = "RBACProject.Common", "RBACProject.Common\RBACProject.Common.csproj", "{0EFA2FFA-BCF6-4D00-A861-1ADADFFD4981}"
EndProject
Project("{FAE04EC0-301F-11D3-BF4B-00C04F79EFBC}") = "RBACProject.Model", "RBACProject.Model\RBACProject.Model.csproj", "{2216206A-DC6B-4501-933C-7C67F4D67013}"
EndProject
Project("{FAE04EC0-301F-11D3-BF4B-00C04F79EFBC}") = "RBACProject.Repository", "RBACProject.Repository\RBACProject.Repository.csproj", "{1BB977F2-A354-4D4B-A57E-8584A9565D00}"
EndProject
Project("{FAE04EC0-301F-11D3-BF4B-00C04F79EFBC}") = "RBACProject.IRepository", "RBACProject.IRepository\RBACProject.IRepository.csproj", "{F7C85D11-3FA4-479A-8C01-12BADEC783A6}"
EndProject
Project("{FAE04EC0-301F-11D3-BF4B-00C04F79EFBC}") = "RBACProject.Service", "RBACProject.Service\RBACProject.Service.csproj", "{32D72164-AB87-4C40-A0B0-3C42E94B4F83}"
EndProject
Project("{FAE04EC0-301F-11D3-BF4B-00C04F79EFBC}") = "RBACProject.IService", "RBACProject.IService\RBACProject.IService.csproj", "{F9159952-2EF0-4C82-8AA1-B6D4D0B8F334}"
EndProject
Global
	GlobalSection(SolutionConfigurationPlatforms) = preSolution
		Debug|Any CPU = Debug|Any CPU
		Release|Any CPU = Release|Any CPU
	EndGlobalSection
	GlobalSection(ProjectConfigurationPlatforms) = postSolution
		{5D7D0DDD-47F3-404F-9B50-D1BD844594DB}.Debug|Any CPU.ActiveCfg = Debug|Any CPU
		{5D7D0DDD-47F3-404F-9B50-D1BD844594DB}.Debug|Any CPU.Build.0 = Debug|Any CPU
		{5D7D0DDD-47F3-404F-9B50-D1BD844594DB}.Release|Any CPU.ActiveCfg = Release|Any CPU
		{5D7D0DDD-47F3-404F-9B50-D1BD844594DB}.Release|Any CPU.Build.0 = Release|Any CPU
		{0EFA2FFA-BCF6-4D00-A861-1ADADFFD4981}.Debug|Any CPU.ActiveCfg = Debug|Any CPU
		{0EFA2FFA-BCF6-4D00-A861-1ADADFFD4981}.Debug|Any CPU.Build.0 = Debug|Any CPU
		{0EFA2FFA-BCF6-4D00-A861-1ADADFFD4981}.Release|Any CPU.ActiveCfg = Release|Any CPU
		{0EFA2FFA-BCF6-4D00-A861-1ADADFFD4981}.Release|Any CPU.Build.0 = Release|Any CPU
		{2216206A-DC6B-4501-933C-7C67F4D67013}.Debug|Any CPU.ActiveCfg = Debug|Any CPU
		{2216206A-DC6B-4501-933C-7C67F4D67013}.Debug|Any CPU.Build.0 = Debug|Any CPU
		{2216206A-DC6B-4501-933C-7C67F4D67013}.Release|Any CPU.ActiveCfg = Release|Any CPU
		{2216206A-DC6B-4501-933C-7C67F4D67013}.Release|Any CPU.Build.0 = Release|Any CPU
		{1BB977F2-A354-4D4B-A57E-8584A9565D00}.Debug|Any CPU.ActiveCfg = Debug|Any CPU
		{1BB977F2-A354-4D4B-A57E-8584A9565D00}.Debug|Any CPU.Build.0 = Debug|Any CPU
		{1BB977F2-A354-4D4B-A57E-8584A9565D00}.Release|Any CPU.ActiveCfg = Release|Any CPU
		{1BB977F2-A354-4D4B-A57E-8584A9565D00}.Release|Any CPU.Build.0 = Release|Any CPU
		{F7C85D11-3FA4-479A-8C01-12BADEC783A6}.Debug|Any CPU.ActiveCfg = Debug|Any CPU
		{F7C85D11-3FA4-479A-8C01-12BADEC783A6}.Debug|Any CPU.Build.0 = Debug|Any CPU
		{F7C85D11-3FA4-479A-8C01-12BADEC783A6}.Release|Any CPU.ActiveCfg = Release|Any CPU
		{F7C85D11-3FA4-479A-8C01-12BADEC783A6}.Release|Any CPU.Build.0 = Release|Any CPU
		{32D72164-AB87-4C40-A0B0-3C42E94B4F83}.Debug|Any CPU.ActiveCfg = Debug|Any CPU
		{32D72164-AB87-4C40-A0B0-3C42E94B4F83}.Debug|Any CPU.Build.0 = Debug|Any CPU
		{32D72164-AB87-4C40-A0B0-3C42E94B4F83}.Release|Any CPU.ActiveCfg = Release|Any CPU
		{32D72164-AB87-4C40-A0B0-3C42E94B4F83}.Release|Any CPU.Build.0 = Release|Any CPU
		{F9159952-2EF0-4C82-8AA1-B6D4D0B8F334}.Debug|Any CPU.ActiveCfg = Debug|Any CPU
		{F9159952-2EF0-4C82-8AA1-B6D4D0B8F334}.Debug|Any CPU.Build.0 = Debug|Any CPU
		{F9159952-2EF0-4C82-8AA1-B6D4D0B8F334}.Release|Any CPU.ActiveCfg = Release|Any CPU
		{F9159952-2EF0-4C82-8AA1-B6D4D0B8F334}.Release|Any CPU.Build.0 = Release|Any CPU
	EndGlobalSection
	GlobalSection(SolutionProperties) = preSolution
		HideSolutionNode = FALSE
	EndGlobalSection
	GlobalSection(NestedProjects) = preSolution
		{5D7D0DDD-47F3-404F-9B50-D1BD844594DB} = {185D3A70-6802-49CE-B706-FE37E85B8AC5}
		{0EFA2FFA-BCF6-4D00-A861-1ADADFFD4981} = {D89022DD-AEB4-4DE8-A8FB-749EA51ECEEA}
		{2216206A-DC6B-4501-933C-7C67F4D67013} = {D89022DD-AEB4-4DE8-A8FB-749EA51ECEEA}
		{1BB977F2-A354-4D4B-A57E-8584A9565D00} = {E65580E3-3DC7-4528-AB1D-BF3EEB544B44}
		{F7C85D11-3FA4-479A-8C01-12BADEC783A6} = {E65580E3-3DC7-4528-AB1D-BF3EEB544B44}
		{32D72164-AB87-4C40-A0B0-3C42E94B4F83} = {9364B92E-F454-4FC0-BE69-7CDBFB6EDD2F}
		{F9159952-2EF0-4C82-8AA1-B6D4D0B8F334} = {9364B92E-F454-4FC0-BE69-7CDBFB6EDD2F}
	EndGlobalSection
	GlobalSection(ExtensibilityGlobals) = postSolution
		SolutionGuid = {26F45F0F-8676-409C-A980-6253981B3B0B}
	EndGlobalSection
EndGlobal
